// !$*UTF8*$!
{
	archiveVersion = 1;
	classes = {
	};
	objectVersion = 46;
	objects = {

/* Begin PBXBuildFile section */
		520AA47F187C4EC00048F174 /* Foundation.framework in Frameworks */ = {isa = PBXBuildFile; fileRef = 520AA47E187C4EC00048F174 /* Foundation.framework */; };
		520AA481187C4EC00048F174 /* CoreGraphics.framework in Frameworks */ = {isa = PBXBuildFile; fileRef = 520AA480187C4EC00048F174 /* CoreGraphics.framework */; };
		520AA483187C4EC00048F174 /* UIKit.framework in Frameworks */ = {isa = PBXBuildFile; fileRef = 520AA482187C4EC00048F174 /* UIKit.framework */; };
		520AA489187C4EC00048F174 /* InfoPlist.strings in Resources */ = {isa = PBXBuildFile; fileRef = 520AA487187C4EC00048F174 /* InfoPlist.strings */; };
		520AA48B187C4EC00048F174 /* main.m in Sources */ = {isa = PBXBuildFile; fileRef = 520AA48A187C4EC00048F174 /* main.m */; };
		520AA48F187C4EC00048F174 /* BNRAppDelegate.m in Sources */ = {isa = PBXBuildFile; fileRef = 520AA48E187C4EC00048F174 /* BNRAppDelegate.m */; };
		520AA491187C4EC00048F174 /* Images.xcassets in Resources */ = {isa = PBXBuildFile; fileRef = 520AA490187C4EC00048F174 /* Images.xcassets */; };
		520AA498187C4EC00048F174 /* XCTest.framework in Frameworks */ = {isa = PBXBuildFile; fileRef = 520AA497187C4EC00048F174 /* XCTest.framework */; };
		520AA499187C4EC00048F174 /* Foundation.framework in Frameworks */ = {isa = PBXBuildFile; fileRef = 520AA47E187C4EC00048F174 /* Foundation.framework */; };
		520AA49A187C4EC00048F174 /* UIKit.framework in Frameworks */ = {isa = PBXBuildFile; fileRef = 520AA482187C4EC00048F174 /* UIKit.framework */; };
		520AA4A2187C4EC00048F174 /* InfoPlist.strings in Resources */ = {isa = PBXBuildFile; fileRef = 520AA4A0187C4EC00048F174 /* InfoPlist.strings */; };
		520AA4A4187C4EC00048F174 /* HomePwnerTests.m in Sources */ = {isa = PBXBuildFile; fileRef = 520AA4A3187C4EC00048F174 /* HomePwnerTests.m */; };
		520AA4AF187C4EF00048F174 /* BNRItemsViewController.m in Sources */ = {isa = PBXBuildFile; fileRef = 520AA4AE187C4EF00048F174 /* BNRItemsViewController.m */; };
		520AA4B5187C4FC00048F174 /* BNRItemStore.m in Sources */ = {isa = PBXBuildFile; fileRef = 520AA4B4187C4FC00048F174 /* BNRItemStore.m */; };
		520AA4BF187C87C50048F174 /* BNRDetailViewController.m in Sources */ = {isa = PBXBuildFile; fileRef = 520AA4BD187C87C50048F174 /* BNRDetailViewController.m */; };
		520AA4C3187CAA690048F174 /* BNRImageStore.m in Sources */ = {isa = PBXBuildFile; fileRef = 520AA4C2187CAA690048F174 /* BNRImageStore.m */; };
		520AA4C9187E3DB20048F174 /* BNRItemCell.m in Sources */ = {isa = PBXBuildFile; fileRef = 520AA4C8187E3DB20048F174 /* BNRItemCell.m */; };
		520AA4CB187E42150048F174 /* BNRItemCell.xib in Resources */ = {isa = PBXBuildFile; fileRef = 520AA4CA187E42150048F174 /* BNRItemCell.xib */; };
		520AA4CE187E47050048F174 /* BNRImageViewController.m in Sources */ = {isa = PBXBuildFile; fileRef = 520AA4CD187E47050048F174 /* BNRImageViewController.m */; };
		520AA4D1187EF1EA0048F174 /* Homepwner.xcdatamodeld in Sources */ = {isa = PBXBuildFile; fileRef = 520AA4CF187EF1EA0048F174 /* Homepwner.xcdatamodeld */; };
		520AA4D4187EF2690048F174 /* BNRImageTransformer.m in Sources */ = {isa = PBXBuildFile; fileRef = 520AA4D3187EF2690048F174 /* BNRImageTransformer.m */; };
		520AA4D7187EF39F0048F174 /* BNRItem.m in Sources */ = {isa = PBXBuildFile; fileRef = 520AA4D6187EF39F0048F174 /* BNRItem.m */; };
		5246270D188382F3003B80CA /* Localizable.strings in Resources */ = {isa = PBXBuildFile; fileRef = 5246270F188382F3003B80CA /* Localizable.strings */; };
		52462712188384B9003B80CA /* Settings.bundle in Resources */ = {isa = PBXBuildFile; fileRef = 52462711188384B9003B80CA /* Settings.bundle */; };
		52CEE9C6187EF73A0037259A /* BNRAssetTypeViewController.m in Sources */ = {isa = PBXBuildFile; fileRef = 52CEE9C5187EF73A0037259A /* BNRAssetTypeViewController.m */; };
		52CEEBE21883809D0037259A /* BNRDetailViewController.xib in Resources */ = {isa = PBXBuildFile; fileRef = 52CEEBE41883809D0037259A /* BNRDetailViewController.xib */; };
		641FA0781AC823DB00F3D707 /* SWRevealViewController.m in Sources */ = {isa = PBXBuildFile; fileRef = 641FA0771AC823DB00F3D707 /* SWRevealViewController.m */; };
		641FA0B21AC82F1700F3D707 /* Main.storyboard in Resources */ = {isa = PBXBuildFile; fileRef = 641FA0B11AC82F1700F3D707 /* Main.storyboard */; };
		6461AAE01AA3B91800693438 /* FacebookSDK.framework in Frameworks */ = {isa = PBXBuildFile; fileRef = 6461AADF1AA3B91800693438 /* FacebookSDK.framework */; };
		6461AAE31AA3B9C800693438 /* LogIn.m in Sources */ = {isa = PBXBuildFile; fileRef = 6461AAE21AA3B9C800693438 /* LogIn.m */; };
		6461AAE51AA3BA5000693438 /* LogIn.xib in Resources */ = {isa = PBXBuildFile; fileRef = 6461AAE41AA3BA5000693438 /* LogIn.xib */; };
		647A87541A9D1C3E0021F78D /* HomeScreen.xib in Resources */ = {isa = PBXBuildFile; fileRef = 647A87531A9D1C3E0021F78D /* HomeScreen.xib */; };
		648E67471A25172A0038293A /* BNRCollectionViewController.m in Sources */ = {isa = PBXBuildFile; fileRef = 648E67461A25172A0038293A /* BNRCollectionViewController.m */; };
		648E674F1A251B600038293A /* BRNCollectionViewCell.m in Sources */ = {isa = PBXBuildFile; fileRef = 648E674D1A251B600038293A /* BRNCollectionViewCell.m */; };
		648E67501A251B600038293A /* BRNCollectionViewCell.xib in Resources */ = {isa = PBXBuildFile; fileRef = 648E674E1A251B600038293A /* BRNCollectionViewCell.xib */; };
		64FACA2A1AA11D3C00DBA31D /* Bolts.framework in Frameworks */ = {isa = PBXBuildFile; fileRef = 64FACA281AA11D3C00DBA31D /* Bolts.framework */; };
		64FACA2B1AA11D3C00DBA31D /* Parse.framework in Frameworks */ = {isa = PBXBuildFile; fileRef = 64FACA291AA11D3C00DBA31D /* Parse.framework */; };
		64FACA2D1AA11D8F00DBA31D /* AudioToolbox.framework in Frameworks */ = {isa = PBXBuildFile; fileRef = 64FACA2C1AA11D8F00DBA31D /* AudioToolbox.framework */; };
		64FACA2F1AA11D9F00DBA31D /* CFNetwork.framework in Frameworks */ = {isa = PBXBuildFile; fileRef = 64FACA2E1AA11D9E00DBA31D /* CFNetwork.framework */; };
		64FACA311AA11DC200DBA31D /* CoreLocation.framework in Frameworks */ = {isa = PBXBuildFile; fileRef = 64FACA301AA11DC200DBA31D /* CoreLocation.framework */; };
		64FACA331AA11DD000DBA31D /* MobileCoreServices.framework in Frameworks */ = {isa = PBXBuildFile; fileRef = 64FACA321AA11DD000DBA31D /* MobileCoreServices.framework */; };
		64FACA351AA11DE700DBA31D /* QuartzCore.framework in Frameworks */ = {isa = PBXBuildFile; fileRef = 64FACA341AA11DE700DBA31D /* QuartzCore.framework */; };
		64FACA371AA11DF200DBA31D /* Security.framework in Frameworks */ = {isa = PBXBuildFile; fileRef = 64FACA361AA11DF200DBA31D /* Security.framework */; };
		64FACA391AA11DFD00DBA31D /* StoreKit.framework in Frameworks */ = {isa = PBXBuildFile; fileRef = 64FACA381AA11DFD00DBA31D /* StoreKit.framework */; };
		64FACA3B1AA11E0B00DBA31D /* SystemConfiguration.framework in Frameworks */ = {isa = PBXBuildFile; fileRef = 64FACA3A1AA11E0B00DBA31D /* SystemConfiguration.framework */; };
		64FACA3D1AA11E1600DBA31D /* libz.dylib in Frameworks */ = {isa = PBXBuildFile; fileRef = 64FACA3C1AA11E1600DBA31D /* libz.dylib */; };
		64FACA3F1AA11E2600DBA31D /* libsqlite3.dylib in Frameworks */ = {isa = PBXBuildFile; fileRef = 64FACA3E1AA11E2600DBA31D /* libsqlite3.dylib */; };
/* End PBXBuildFile section */

/* Begin PBXContainerItemProxy section */
		520AA49B187C4EC00048F174 /* PBXContainerItemProxy */ = {
			isa = PBXContainerItemProxy;
			containerPortal = 520AA473187C4EC00048F174 /* Project object */;
			proxyType = 1;
			remoteGlobalIDString = 520AA47A187C4EC00048F174;
			remoteInfo = HomePwner;
		};
/* End PBXContainerItemProxy section */

/* Begin PBXFileReference section */
		520AA47B187C4EC00048F174 /* StuffLoggr.app */ = {isa = PBXFileReference; explicitFileType = wrapper.application; includeInIndex = 0; path = StuffLoggr.app; sourceTree = BUILT_PRODUCTS_DIR; };
		520AA47E187C4EC00048F174 /* Foundation.framework */ = {isa = PBXFileReference; lastKnownFileType = wrapper.framework; name = Foundation.framework; path = System/Library/Frameworks/Foundation.framework; sourceTree = SDKROOT; };
		520AA480187C4EC00048F174 /* CoreGraphics.framework */ = {isa = PBXFileReference; lastKnownFileType = wrapper.framework; name = CoreGraphics.framework; path = System/Library/Frameworks/CoreGraphics.framework; sourceTree = SDKROOT; };
		520AA482187C4EC00048F174 /* UIKit.framework */ = {isa = PBXFileReference; lastKnownFileType = wrapper.framework; name = UIKit.framework; path = System/Library/Frameworks/UIKit.framework; sourceTree = SDKROOT; };
		520AA486187C4EC00048F174 /* StuffLoggr-Info.plist */ = {isa = PBXFileReference; lastKnownFileType = text.plist.xml; path = "StuffLoggr-Info.plist"; sourceTree = "<group>"; };
		520AA488187C4EC00048F174 /* en */ = {isa = PBXFileReference; lastKnownFileType = text.plist.strings; name = en; path = en.lproj/InfoPlist.strings; sourceTree = "<group>"; };
		520AA48A187C4EC00048F174 /* main.m */ = {isa = PBXFileReference; lastKnownFileType = sourcecode.c.objc; path = main.m; sourceTree = "<group>"; };
		520AA48C187C4EC00048F174 /* StuffLoggr-Prefix.pch */ = {isa = PBXFileReference; lastKnownFileType = sourcecode.c.h; path = "StuffLoggr-Prefix.pch"; sourceTree = "<group>"; };
		520AA48D187C4EC00048F174 /* BNRAppDelegate.h */ = {isa = PBXFileReference; lastKnownFileType = sourcecode.c.h; path = BNRAppDelegate.h; sourceTree = "<group>"; };
		520AA48E187C4EC00048F174 /* BNRAppDelegate.m */ = {isa = PBXFileReference; lastKnownFileType = sourcecode.c.objc; path = BNRAppDelegate.m; sourceTree = "<group>"; };
		520AA490187C4EC00048F174 /* Images.xcassets */ = {isa = PBXFileReference; lastKnownFileType = folder.assetcatalog; path = Images.xcassets; sourceTree = "<group>"; };
		520AA496187C4EC00048F174 /* StuffLoggrTests.xctest */ = {isa = PBXFileReference; explicitFileType = wrapper.cfbundle; includeInIndex = 0; path = StuffLoggrTests.xctest; sourceTree = BUILT_PRODUCTS_DIR; };
		520AA497187C4EC00048F174 /* XCTest.framework */ = {isa = PBXFileReference; lastKnownFileType = wrapper.framework; name = XCTest.framework; path = Library/Frameworks/XCTest.framework; sourceTree = DEVELOPER_DIR; };
		520AA49F187C4EC00048F174 /* StuffLoggrTests-Info.plist */ = {isa = PBXFileReference; lastKnownFileType = text.plist.xml; path = "StuffLoggrTests-Info.plist"; sourceTree = "<group>"; };
		520AA4A1187C4EC00048F174 /* en */ = {isa = PBXFileReference; lastKnownFileType = text.plist.strings; name = en; path = en.lproj/InfoPlist.strings; sourceTree = "<group>"; };
		520AA4A3187C4EC00048F174 /* HomePwnerTests.m */ = {isa = PBXFileReference; lastKnownFileType = sourcecode.c.objc; path = HomePwnerTests.m; sourceTree = "<group>"; };
		520AA4AD187C4EF00048F174 /* BNRItemsViewController.h */ = {isa = PBXFileReference; fileEncoding = 4; lastKnownFileType = sourcecode.c.h; path = BNRItemsViewController.h; sourceTree = "<group>"; };
		520AA4AE187C4EF00048F174 /* BNRItemsViewController.m */ = {isa = PBXFileReference; fileEncoding = 4; lastKnownFileType = sourcecode.c.objc; path = BNRItemsViewController.m; sourceTree = "<group>"; };
		520AA4B3187C4FC00048F174 /* BNRItemStore.h */ = {isa = PBXFileReference; fileEncoding = 4; lastKnownFileType = sourcecode.c.h; path = BNRItemStore.h; sourceTree = "<group>"; };
		520AA4B4187C4FC00048F174 /* BNRItemStore.m */ = {isa = PBXFileReference; fileEncoding = 4; lastKnownFileType = sourcecode.c.objc; path = BNRItemStore.m; sourceTree = "<group>"; };
		520AA4BC187C87C50048F174 /* BNRDetailViewController.h */ = {isa = PBXFileReference; fileEncoding = 4; lastKnownFileType = sourcecode.c.h; path = BNRDetailViewController.h; sourceTree = "<group>"; };
		520AA4BD187C87C50048F174 /* BNRDetailViewController.m */ = {isa = PBXFileReference; fileEncoding = 4; lastKnownFileType = sourcecode.c.objc; path = BNRDetailViewController.m; sourceTree = "<group>"; };
		520AA4C1187CAA690048F174 /* BNRImageStore.h */ = {isa = PBXFileReference; fileEncoding = 4; lastKnownFileType = sourcecode.c.h; path = BNRImageStore.h; sourceTree = "<group>"; };
		520AA4C2187CAA690048F174 /* BNRImageStore.m */ = {isa = PBXFileReference; fileEncoding = 4; lastKnownFileType = sourcecode.c.objc; path = BNRImageStore.m; sourceTree = "<group>"; };
		520AA4C7187E3DB20048F174 /* BNRItemCell.h */ = {isa = PBXFileReference; fileEncoding = 4; lastKnownFileType = sourcecode.c.h; path = BNRItemCell.h; sourceTree = "<group>"; };
		520AA4C8187E3DB20048F174 /* BNRItemCell.m */ = {isa = PBXFileReference; fileEncoding = 4; lastKnownFileType = sourcecode.c.objc; path = BNRItemCell.m; sourceTree = "<group>"; };
		520AA4CA187E42150048F174 /* BNRItemCell.xib */ = {isa = PBXFileReference; fileEncoding = 4; lastKnownFileType = file.xib; path = BNRItemCell.xib; sourceTree = "<group>"; };
		520AA4CC187E47050048F174 /* BNRImageViewController.h */ = {isa = PBXFileReference; fileEncoding = 4; lastKnownFileType = sourcecode.c.h; path = BNRImageViewController.h; sourceTree = "<group>"; };
		520AA4CD187E47050048F174 /* BNRImageViewController.m */ = {isa = PBXFileReference; fileEncoding = 4; lastKnownFileType = sourcecode.c.objc; path = BNRImageViewController.m; sourceTree = "<group>"; };
		520AA4D0187EF1EA0048F174 /* Homepwner.xcdatamodel */ = {isa = PBXFileReference; lastKnownFileType = wrapper.xcdatamodel; path = Homepwner.xcdatamodel; sourceTree = "<group>"; };
		520AA4D2187EF2690048F174 /* BNRImageTransformer.h */ = {isa = PBXFileReference; fileEncoding = 4; lastKnownFileType = sourcecode.c.h; path = BNRImageTransformer.h; sourceTree = "<group>"; };
		520AA4D3187EF2690048F174 /* BNRImageTransformer.m */ = {isa = PBXFileReference; fileEncoding = 4; lastKnownFileType = sourcecode.c.objc; path = BNRImageTransformer.m; sourceTree = "<group>"; };
		520AA4D5187EF39F0048F174 /* BNRItem.h */ = {isa = PBXFileReference; fileEncoding = 4; lastKnownFileType = sourcecode.c.h; path = BNRItem.h; sourceTree = "<group>"; };
		520AA4D6187EF39F0048F174 /* BNRItem.m */ = {isa = PBXFileReference; fileEncoding = 4; lastKnownFileType = sourcecode.c.objc; path = BNRItem.m; sourceTree = "<group>"; };
		5246270E188382F3003B80CA /* Base */ = {isa = PBXFileReference; lastKnownFileType = text.plist.strings; name = Base; path = Base.lproj/Localizable.strings; sourceTree = "<group>"; };
		52462710188382FD003B80CA /* es */ = {isa = PBXFileReference; lastKnownFileType = text.plist.strings; name = es; path = es.lproj/Localizable.strings; sourceTree = "<group>"; };
		52462711188384B9003B80CA /* Settings.bundle */ = {isa = PBXFileReference; lastKnownFileType = "wrapper.plug-in"; path = Settings.bundle; sourceTree = "<group>"; };
		52CEE9C4187EF73A0037259A /* BNRAssetTypeViewController.h */ = {isa = PBXFileReference; fileEncoding = 4; lastKnownFileType = sourcecode.c.h; path = BNRAssetTypeViewController.h; sourceTree = "<group>"; };
		52CEE9C5187EF73A0037259A /* BNRAssetTypeViewController.m */ = {isa = PBXFileReference; fileEncoding = 4; lastKnownFileType = sourcecode.c.objc; path = BNRAssetTypeViewController.m; sourceTree = "<group>"; };
		52CEEBE5188380BF0037259A /* Base */ = {isa = PBXFileReference; lastKnownFileType = file.xib; name = Base; path = Base.lproj/BNRDetailViewController.xib; sourceTree = "<group>"; };
		52CEEBE6188380D40037259A /* es */ = {isa = PBXFileReference; lastKnownFileType = text.plist.strings; name = es; path = es.lproj/BNRDetailViewController.strings; sourceTree = "<group>"; };
		641FA0761AC823DB00F3D707 /* SWRevealViewController.h */ = {isa = PBXFileReference; fileEncoding = 4; lastKnownFileType = sourcecode.c.h; path = SWRevealViewController.h; sourceTree = "<group>"; };
		641FA0771AC823DB00F3D707 /* SWRevealViewController.m */ = {isa = PBXFileReference; fileEncoding = 4; lastKnownFileType = sourcecode.c.objc; path = SWRevealViewController.m; sourceTree = "<group>"; };
		641FA0B11AC82F1700F3D707 /* Main.storyboard */ = {isa = PBXFileReference; fileEncoding = 4; lastKnownFileType = file.storyboard; path = Main.storyboard; sourceTree = "<group>"; };
		6461AADF1AA3B91800693438 /* FacebookSDK.framework */ = {isa = PBXFileReference; lastKnownFileType = wrapper.framework; name = FacebookSDK.framework; path = ../../../FacebookSDK/FacebookSDK.framework; sourceTree = "<group>"; };
		6461AAE11AA3B9C800693438 /* LogIn.h */ = {isa = PBXFileReference; fileEncoding = 4; lastKnownFileType = sourcecode.c.h; path = LogIn.h; sourceTree = "<group>"; };
		6461AAE21AA3B9C800693438 /* LogIn.m */ = {isa = PBXFileReference; fileEncoding = 4; lastKnownFileType = sourcecode.c.objc; path = LogIn.m; sourceTree = "<group>"; };
		6461AAE41AA3BA5000693438 /* LogIn.xib */ = {isa = PBXFileReference; fileEncoding = 4; lastKnownFileType = file.xib; path = LogIn.xib; sourceTree = "<group>"; };
		647A87531A9D1C3E0021F78D /* HomeScreen.xib */ = {isa = PBXFileReference; fileEncoding = 4; lastKnownFileType = file.xib; path = HomeScreen.xib; sourceTree = "<group>"; };
		648E67451A25172A0038293A /* BNRCollectionViewController.h */ = {isa = PBXFileReference; fileEncoding = 4; lastKnownFileType = sourcecode.c.h; name = BNRCollectionViewController.h; path = HomePwner/BNRCollectionViewController.h; sourceTree = "<group>"; };
		648E67461A25172A0038293A /* BNRCollectionViewController.m */ = {isa = PBXFileReference; fileEncoding = 4; lastKnownFileType = sourcecode.c.objc; name = BNRCollectionViewController.m; path = HomePwner/BNRCollectionViewController.m; sourceTree = "<group>"; };
		648E674C1A251B600038293A /* BRNCollectionViewCell.h */ = {isa = PBXFileReference; fileEncoding = 4; lastKnownFileType = sourcecode.c.h; name = BRNCollectionViewCell.h; path = HomePwner/BRNCollectionViewCell.h; sourceTree = "<group>"; };
		648E674D1A251B600038293A /* BRNCollectionViewCell.m */ = {isa = PBXFileReference; fileEncoding = 4; lastKnownFileType = sourcecode.c.objc; name = BRNCollectionViewCell.m; path = HomePwner/BRNCollectionViewCell.m; sourceTree = "<group>"; };
		648E674E1A251B600038293A /* BRNCollectionViewCell.xib */ = {isa = PBXFileReference; fileEncoding = 4; lastKnownFileType = file.xib; name = BRNCollectionViewCell.xib; path = HomePwner/BRNCollectionViewCell.xib; sourceTree = "<group>"; };
		64BDB42D19D89A760031C439 /* StuffLoggr.entitlements */ = {isa = PBXFileReference; lastKnownFileType = text.xml; path = StuffLoggr.entitlements; sourceTree = SOURCE_ROOT; };
		64FACA281AA11D3C00DBA31D /* Bolts.framework */ = {isa = PBXFileReference; lastKnownFileType = wrapper.framework; path = Bolts.framework; sourceTree = "<group>"; };
		64FACA291AA11D3C00DBA31D /* Parse.framework */ = {isa = PBXFileReference; lastKnownFileType = wrapper.framework; path = Parse.framework; sourceTree = "<group>"; };
		64FACA2C1AA11D8F00DBA31D /* AudioToolbox.framework */ = {isa = PBXFileReference; lastKnownFileType = wrapper.framework; name = AudioToolbox.framework; path = System/Library/Frameworks/AudioToolbox.framework; sourceTree = SDKROOT; };
		64FACA2E1AA11D9E00DBA31D /* CFNetwork.framework */ = {isa = PBXFileReference; lastKnownFileType = wrapper.framework; name = CFNetwork.framework; path = System/Library/Frameworks/CFNetwork.framework; sourceTree = SDKROOT; };
		64FACA301AA11DC200DBA31D /* CoreLocation.framework */ = {isa = PBXFileReference; lastKnownFileType = wrapper.framework; name = CoreLocation.framework; path = System/Library/Frameworks/CoreLocation.framework; sourceTree = SDKROOT; };
		64FACA321AA11DD000DBA31D /* MobileCoreServices.framework */ = {isa = PBXFileReference; lastKnownFileType = wrapper.framework; name = MobileCoreServices.framework; path = System/Library/Frameworks/MobileCoreServices.framework; sourceTree = SDKROOT; };
		64FACA341AA11DE700DBA31D /* QuartzCore.framework */ = {isa = PBXFileReference; lastKnownFileType = wrapper.framework; name = QuartzCore.framework; path = System/Library/Frameworks/QuartzCore.framework; sourceTree = SDKROOT; };
		64FACA361AA11DF200DBA31D /* Security.framework */ = {isa = PBXFileReference; lastKnownFileType = wrapper.framework; name = Security.framework; path = System/Library/Frameworks/Security.framework; sourceTree = SDKROOT; };
		64FACA381AA11DFD00DBA31D /* StoreKit.framework */ = {isa = PBXFileReference; lastKnownFileType = wrapper.framework; name = StoreKit.framework; path = System/Library/Frameworks/StoreKit.framework; sourceTree = SDKROOT; };
		64FACA3A1AA11E0B00DBA31D /* SystemConfiguration.framework */ = {isa = PBXFileReference; lastKnownFileType = wrapper.framework; name = SystemConfiguration.framework; path = System/Library/Frameworks/SystemConfiguration.framework; sourceTree = SDKROOT; };
		64FACA3C1AA11E1600DBA31D /* libz.dylib */ = {isa = PBXFileReference; lastKnownFileType = "compiled.mach-o.dylib"; name = libz.dylib; path = usr/lib/libz.dylib; sourceTree = SDKROOT; };
		64FACA3E1AA11E2600DBA31D /* libsqlite3.dylib */ = {isa = PBXFileReference; lastKnownFileType = "compiled.mach-o.dylib"; name = libsqlite3.dylib; path = usr/lib/libsqlite3.dylib; sourceTree = SDKROOT; };
/* End PBXFileReference section */

/* Begin PBXFrameworksBuildPhase section */
		520AA478187C4EC00048F174 /* Frameworks */ = {
			isa = PBXFrameworksBuildPhase;
			buildActionMask = 2147483647;
			files = (
				64FACA3F1AA11E2600DBA31D /* libsqlite3.dylib in Frameworks */,
				64FACA3D1AA11E1600DBA31D /* libz.dylib in Frameworks */,
				64FACA3B1AA11E0B00DBA31D /* SystemConfiguration.framework in Frameworks */,
				64FACA391AA11DFD00DBA31D /* StoreKit.framework in Frameworks */,
				64FACA371AA11DF200DBA31D /* Security.framework in Frameworks */,
				64FACA351AA11DE700DBA31D /* QuartzCore.framework in Frameworks */,
				64FACA331AA11DD000DBA31D /* MobileCoreServices.framework in Frameworks */,
				64FACA311AA11DC200DBA31D /* CoreLocation.framework in Frameworks */,
				520AA481187C4EC00048F174 /* CoreGraphics.framework in Frameworks */,
				64FACA2F1AA11D9F00DBA31D /* CFNetwork.framework in Frameworks */,
				64FACA2D1AA11D8F00DBA31D /* AudioToolbox.framework in Frameworks */,
				520AA483187C4EC00048F174 /* UIKit.framework in Frameworks */,
				520AA47F187C4EC00048F174 /* Foundation.framework in Frameworks */,
				6461AAE01AA3B91800693438 /* FacebookSDK.framework in Frameworks */,
				64FACA2A1AA11D3C00DBA31D /* Bolts.framework in Frameworks */,
				64FACA2B1AA11D3C00DBA31D /* Parse.framework in Frameworks */,
			);
			runOnlyForDeploymentPostprocessing = 0;
		};
		520AA493187C4EC00048F174 /* Frameworks */ = {
			isa = PBXFrameworksBuildPhase;
			buildActionMask = 2147483647;
			files = (
				520AA498187C4EC00048F174 /* XCTest.framework in Frameworks */,
				520AA49A187C4EC00048F174 /* UIKit.framework in Frameworks */,
				520AA499187C4EC00048F174 /* Foundation.framework in Frameworks */,
			);
			runOnlyForDeploymentPostprocessing = 0;
		};
/* End PBXFrameworksBuildPhase section */

/* Begin PBXGroup section */
		520AA472187C4EC00048F174 = {
			isa = PBXGroup;
			children = (
				648E674C1A251B600038293A /* BRNCollectionViewCell.h */,
				648E674D1A251B600038293A /* BRNCollectionViewCell.m */,
				648E674E1A251B600038293A /* BRNCollectionViewCell.xib */,
				648E67451A25172A0038293A /* BNRCollectionViewController.h */,
				648E67461A25172A0038293A /* BNRCollectionViewController.m */,
				647A87531A9D1C3E0021F78D /* HomeScreen.xib */,
				6461AAE11AA3B9C800693438 /* LogIn.h */,
				6461AAE21AA3B9C800693438 /* LogIn.m */,
				6461AAE41AA3BA5000693438 /* LogIn.xib */,
				520AA484187C4EC00048F174 /* StuffLoggr */,
				520AA49D187C4EC00048F174 /* HomePwnerTests */,
				520AA47D187C4EC00048F174 /* Frameworks */,
				520AA47C187C4EC00048F174 /* Products */,
			);
			sourceTree = "<group>";
		};
		520AA47C187C4EC00048F174 /* Products */ = {
			isa = PBXGroup;
			children = (
				520AA47B187C4EC00048F174 /* StuffLoggr.app */,
				520AA496187C4EC00048F174 /* StuffLoggrTests.xctest */,
			);
			name = Products;
			sourceTree = "<group>";
		};
		520AA47D187C4EC00048F174 /* Frameworks */ = {
			isa = PBXGroup;
			children = (
				6461AADF1AA3B91800693438 /* FacebookSDK.framework */,
				64FACA3E1AA11E2600DBA31D /* libsqlite3.dylib */,
				64FACA3C1AA11E1600DBA31D /* libz.dylib */,
				64FACA3A1AA11E0B00DBA31D /* SystemConfiguration.framework */,
				64FACA381AA11DFD00DBA31D /* StoreKit.framework */,
				64FACA361AA11DF200DBA31D /* Security.framework */,
				64FACA341AA11DE700DBA31D /* QuartzCore.framework */,
				64FACA321AA11DD000DBA31D /* MobileCoreServices.framework */,
				64FACA301AA11DC200DBA31D /* CoreLocation.framework */,
				64FACA2E1AA11D9E00DBA31D /* CFNetwork.framework */,
				64FACA2C1AA11D8F00DBA31D /* AudioToolbox.framework */,
				64FACA281AA11D3C00DBA31D /* Bolts.framework */,
				64FACA291AA11D3C00DBA31D /* Parse.framework */,
				520AA47E187C4EC00048F174 /* Foundation.framework */,
				520AA480187C4EC00048F174 /* CoreGraphics.framework */,
				520AA482187C4EC00048F174 /* UIKit.framework */,
				520AA497187C4EC00048F174 /* XCTest.framework */,
			);
			name = Frameworks;
			sourceTree = "<group>";
		};
		520AA484187C4EC00048F174 /* StuffLoggr */ = {
			isa = PBXGroup;
			children = (
				64BDB42D19D89A760031C439 /* StuffLoggr.entitlements */,
				520AA4CF187EF1EA0048F174 /* Homepwner.xcdatamodeld */,
				6422DAA31B06938B00C17738 /* Views */,
				6459E9D81AF7C6DC009613E5 /* Item Model */,
				520AA48D187C4EC00048F174 /* BNRAppDelegate.h */,
				520AA48E187C4EC00048F174 /* BNRAppDelegate.m */,
				641FA0B11AC82F1700F3D707 /* Main.storyboard */,
				641FA0761AC823DB00F3D707 /* SWRevealViewController.h */,
				641FA0771AC823DB00F3D707 /* SWRevealViewController.m */,
				52462711188384B9003B80CA /* Settings.bundle */,
				520AA490187C4EC00048F174 /* Images.xcassets */,
				520AA485187C4EC00048F174 /* Supporting Files */,
			);
			name = StuffLoggr;
			path = HomePwner;
			sourceTree = "<group>";
		};
		520AA485187C4EC00048F174 /* Supporting Files */ = {
			isa = PBXGroup;
			children = (
				5246270F188382F3003B80CA /* Localizable.strings */,
				520AA486187C4EC00048F174 /* StuffLoggr-Info.plist */,
				520AA487187C4EC00048F174 /* InfoPlist.strings */,
				520AA48A187C4EC00048F174 /* main.m */,
				520AA48C187C4EC00048F174 /* StuffLoggr-Prefix.pch */,
			);
			name = "Supporting Files";
			sourceTree = "<group>";
		};
		520AA49D187C4EC00048F174 /* HomePwnerTests */ = {
			isa = PBXGroup;
			children = (
				520AA4A3187C4EC00048F174 /* HomePwnerTests.m */,
				520AA49E187C4EC00048F174 /* Supporting Files */,
			);
			path = HomePwnerTests;
			sourceTree = "<group>";
		};
		520AA49E187C4EC00048F174 /* Supporting Files */ = {
			isa = PBXGroup;
			children = (
				520AA49F187C4EC00048F174 /* StuffLoggrTests-Info.plist */,
				520AA4A0187C4EC00048F174 /* InfoPlist.strings */,
			);
			name = "Supporting Files";
			sourceTree = "<group>";
		};
		6422DAA31B06938B00C17738 /* Views */ = {
			isa = PBXGroup;
			children = (
				6459E9D91AF7C6F9009613E5 /* Item VC */,
				520AA4CC187E47050048F174 /* BNRImageViewController.h */,
				520AA4CD187E47050048F174 /* BNRImageViewController.m */,
				520AA4BC187C87C50048F174 /* BNRDetailViewController.h */,
				520AA4BD187C87C50048F174 /* BNRDetailViewController.m */,
				52CEEBE41883809D0037259A /* BNRDetailViewController.xib */,
				52CEE9C4187EF73A0037259A /* BNRAssetTypeViewController.h */,
				52CEE9C5187EF73A0037259A /* BNRAssetTypeViewController.m */,
			);
			name = Views;
			sourceTree = "<group>";
		};
		6459E9D81AF7C6DC009613E5 /* Item Model */ = {
			isa = PBXGroup;
			children = (
				520AA4D5187EF39F0048F174 /* BNRItem.h */,
				520AA4D6187EF39F0048F174 /* BNRItem.m */,
				6459E9DA1AF7C723009613E5 /* Data Storage */,
			);
			name = "Item Model";
			sourceTree = "<group>";
		};
		6459E9D91AF7C6F9009613E5 /* Item VC */ = {
			isa = PBXGroup;
			children = (
				520AA4AD187C4EF00048F174 /* BNRItemsViewController.h */,
				520AA4AE187C4EF00048F174 /* BNRItemsViewController.m */,
				520AA4C7187E3DB20048F174 /* BNRItemCell.h */,
				520AA4C8187E3DB20048F174 /* BNRItemCell.m */,
				520AA4CA187E42150048F174 /* BNRItemCell.xib */,
			);
			name = "Item VC";
			sourceTree = "<group>";
		};
		6459E9DA1AF7C723009613E5 /* Data Storage */ = {
			isa = PBXGroup;
			children = (
				520AA4D2187EF2690048F174 /* BNRImageTransformer.h */,
				520AA4D3187EF2690048F174 /* BNRImageTransformer.m */,
				520AA4B3187C4FC00048F174 /* BNRItemStore.h */,
				520AA4B4187C4FC00048F174 /* BNRItemStore.m */,
				520AA4C1187CAA690048F174 /* BNRImageStore.h */,
				520AA4C2187CAA690048F174 /* BNRImageStore.m */,
			);
			name = "Data Storage";
			sourceTree = "<group>";
		};
/* End PBXGroup section */

/* Begin PBXNativeTarget section */
		520AA47A187C4EC00048F174 /* StuffLoggr */ = {
			isa = PBXNativeTarget;
			buildConfigurationList = 520AA4A7187C4EC00048F174 /* Build configuration list for PBXNativeTarget "StuffLoggr" */;
			buildPhases = (
				520AA477187C4EC00048F174 /* Sources */,
				520AA478187C4EC00048F174 /* Frameworks */,
				520AA479187C4EC00048F174 /* Resources */,
			);
			buildRules = (
			);
			dependencies = (
			);
			name = StuffLoggr;
			productName = HomePwner;
			productReference = 520AA47B187C4EC00048F174 /* StuffLoggr.app */;
			productType = "com.apple.product-type.application";
		};
		520AA495187C4EC00048F174 /* StuffLoggrTests */ = {
			isa = PBXNativeTarget;
			buildConfigurationList = 520AA4AA187C4EC00048F174 /* Build configuration list for PBXNativeTarget "StuffLoggrTests" */;
			buildPhases = (
				520AA492187C4EC00048F174 /* Sources */,
				520AA493187C4EC00048F174 /* Frameworks */,
				520AA494187C4EC00048F174 /* Resources */,
			);
			buildRules = (
			);
			dependencies = (
				520AA49C187C4EC00048F174 /* PBXTargetDependency */,
			);
			name = StuffLoggrTests;
			productName = HomePwnerTests;
			productReference = 520AA496187C4EC00048F174 /* StuffLoggrTests.xctest */;
			productType = "com.apple.product-type.bundle.unit-test";
		};
/* End PBXNativeTarget section */

/* Begin PBXProject section */
		520AA473187C4EC00048F174 /* Project object */ = {
			isa = PBXProject;
			attributes = {
				CLASSPREFIX = P2P;
				LastUpgradeCheck = 0600;
				ORGANIZATIONNAME = "Peak 2 Peak Media";
				TargetAttributes = {
					520AA47A187C4EC00048F174 = {
						DevelopmentTeam = CFK76RH5KY;
						SystemCapabilities = {
							com.apple.ApplicationGroups.iOS = {
								enabled = 0;
							};
							com.apple.BackgroundModes = {
								enabled = 0;
							};
							com.apple.DataProtection = {
								enabled = 0;
							};
							com.apple.InAppPurchase = {
								enabled = 0;
							};
							com.apple.InterAppAudio = {
								enabled = 0;
							};
							com.apple.Maps.iOS = {
								enabled = 0;
							};
							com.apple.OMC = {
								enabled = 0;
							};
							com.apple.iCloud = {
								enabled = 0;
							};
						};
					};
					520AA495187C4EC00048F174 = {
						TestTargetID = 520AA47A187C4EC00048F174;
					};
				};
			};
			buildConfigurationList = 520AA476187C4EC00048F174 /* Build configuration list for PBXProject "StuffLoggr" */;
			compatibilityVersion = "Xcode 3.2";
			developmentRegion = English;
			hasScannedForEncodings = 0;
			knownRegions = (
				en,
				Base,
				es,
			);
			mainGroup = 520AA472187C4EC00048F174;
			productRefGroup = 520AA47C187C4EC00048F174 /* Products */;
			projectDirPath = "";
			projectRoot = "";
			targets = (
				520AA47A187C4EC00048F174 /* StuffLoggr */,
				520AA495187C4EC00048F174 /* StuffLoggrTests */,
			);
		};
/* End PBXProject section */

/* Begin PBXResourcesBuildPhase section */
		520AA479187C4EC00048F174 /* Resources */ = {
			isa = PBXResourcesBuildPhase;
			buildActionMask = 2147483647;
			files = (
				647A87541A9D1C3E0021F78D /* HomeScreen.xib in Resources */,
				5246270D188382F3003B80CA /* Localizable.strings in Resources */,
				6461AAE51AA3BA5000693438 /* LogIn.xib in Resources */,
				52CEEBE21883809D0037259A /* BNRDetailViewController.xib in Resources */,
				648E67501A251B600038293A /* BRNCollectionViewCell.xib in Resources */,
				520AA4CB187E42150048F174 /* BNRItemCell.xib in Resources */,
				520AA489187C4EC00048F174 /* InfoPlist.strings in Resources */,
				52462712188384B9003B80CA /* Settings.bundle in Resources */,
				520AA491187C4EC00048F174 /* Images.xcassets in Resources */,
				641FA0B21AC82F1700F3D707 /* Main.storyboard in Resources */,
			);
			runOnlyForDeploymentPostprocessing = 0;
		};
		520AA494187C4EC00048F174 /* Resources */ = {
			isa = PBXResourcesBuildPhase;
			buildActionMask = 2147483647;
			files = (
				520AA4A2187C4EC00048F174 /* InfoPlist.strings in Resources */,
			);
			runOnlyForDeploymentPostprocessing = 0;
		};
/* End PBXResourcesBuildPhase section */

/* Begin PBXSourcesBuildPhase section */
		520AA477187C4EC00048F174 /* Sources */ = {
			isa = PBXSourcesBuildPhase;
			buildActionMask = 2147483647;
			files = (
				520AA4BF187C87C50048F174 /* BNRDetailViewController.m in Sources */,
				520AA4C9187E3DB20048F174 /* BNRItemCell.m in Sources */,
				648E67471A25172A0038293A /* BNRCollectionViewController.m in Sources */,
				52CEE9C6187EF73A0037259A /* BNRAssetTypeViewController.m in Sources */,
				520AA4CE187E47050048F174 /* BNRImageViewController.m in Sources */,
				520AA4B5187C4FC00048F174 /* BNRItemStore.m in Sources */,
				6461AAE31AA3B9C800693438 /* LogIn.m in Sources */,
				520AA4C3187CAA690048F174 /* BNRImageStore.m in Sources */,
				520AA4AF187C4EF00048F174 /* BNRItemsViewController.m in Sources */,
				520AA48B187C4EC00048F174 /* main.m in Sources */,
				520AA4D7187EF39F0048F174 /* BNRItem.m in Sources */,
				641FA0781AC823DB00F3D707 /* SWRevealViewController.m in Sources */,
				520AA48F187C4EC00048F174 /* BNRAppDelegate.m in Sources */,
				520AA4D1187EF1EA0048F174 /* Homepwner.xcdatamodeld in Sources */,
				520AA4D4187EF2690048F174 /* BNRImageTransformer.m in Sources */,
				648E674F1A251B600038293A /* BRNCollectionViewCell.m in Sources */,
			);
			runOnlyForDeploymentPostprocessing = 0;
		};
		520AA492187C4EC00048F174 /* Sources */ = {
			isa = PBXSourcesBuildPhase;
			buildActionMask = 2147483647;
			files = (
				520AA4A4187C4EC00048F174 /* HomePwnerTests.m in Sources */,
			);
			runOnlyForDeploymentPostprocessing = 0;
		};
/* End PBXSourcesBuildPhase section */

/* Begin PBXTargetDependency section */
		520AA49C187C4EC00048F174 /* PBXTargetDependency */ = {
			isa = PBXTargetDependency;
			target = 520AA47A187C4EC00048F174 /* StuffLoggr */;
			targetProxy = 520AA49B187C4EC00048F174 /* PBXContainerItemProxy */;
		};
/* End PBXTargetDependency section */

/* Begin PBXVariantGroup section */
		520AA487187C4EC00048F174 /* InfoPlist.strings */ = {
			isa = PBXVariantGroup;
			children = (
				520AA488187C4EC00048F174 /* en */,
			);
			name = InfoPlist.strings;
			sourceTree = "<group>";
		};
		520AA4A0187C4EC00048F174 /* InfoPlist.strings */ = {
			isa = PBXVariantGroup;
			children = (
				520AA4A1187C4EC00048F174 /* en */,
			);
			name = InfoPlist.strings;
			sourceTree = "<group>";
		};
		5246270F188382F3003B80CA /* Localizable.strings */ = {
			isa = PBXVariantGroup;
			children = (
				5246270E188382F3003B80CA /* Base */,
				52462710188382FD003B80CA /* es */,
			);
			name = Localizable.strings;
			sourceTree = "<group>";
		};
		52CEEBE41883809D0037259A /* BNRDetailViewController.xib */ = {
			isa = PBXVariantGroup;
			children = (
				52CEEBE5188380BF0037259A /* Base */,
				52CEEBE6188380D40037259A /* es */,
			);
			name = BNRDetailViewController.xib;
			sourceTree = "<group>";
		};
/* End PBXVariantGroup section */

/* Begin XCBuildConfiguration section */
		520AA4A5187C4EC00048F174 /* Debug */ = {
			isa = XCBuildConfiguration;
			buildSettings = {
				ALWAYS_SEARCH_USER_PATHS = NO;
				CLANG_CXX_LANGUAGE_STANDARD = "gnu++0x";
				CLANG_CXX_LIBRARY = "libc++";
				CLANG_ENABLE_MODULES = YES;
				CLANG_ENABLE_OBJC_ARC = YES;
				CLANG_WARN_BOOL_CONVERSION = YES;
				CLANG_WARN_CONSTANT_CONVERSION = YES;
				CLANG_WARN_DIRECT_OBJC_ISA_USAGE = YES_ERROR;
				CLANG_WARN_EMPTY_BODY = YES;
				CLANG_WARN_ENUM_CONVERSION = YES;
				CLANG_WARN_INT_CONVERSION = YES;
				CLANG_WARN_OBJC_ROOT_CLASS = YES_ERROR;
				CLANG_WARN__DUPLICATE_METHOD_MATCH = YES;
				"CODE_SIGN_IDENTITY[sdk=iphoneos*]" = "iPhone Developer";
				COPY_PHASE_STRIP = NO;
				GCC_C_LANGUAGE_STANDARD = gnu99;
				GCC_DYNAMIC_NO_PIC = NO;
				GCC_OPTIMIZATION_LEVEL = 0;
				GCC_PREPROCESSOR_DEFINITIONS = (
					"DEBUG=1",
					"$(inherited)",
				);
				GCC_SYMBOLS_PRIVATE_EXTERN = NO;
				GCC_WARN_64_TO_32_BIT_CONVERSION = YES;
				GCC_WARN_ABOUT_RETURN_TYPE = YES_ERROR;
				GCC_WARN_UNDECLARED_SELECTOR = YES;
				GCC_WARN_UNINITIALIZED_AUTOS = YES;
				GCC_WARN_UNUSED_FUNCTION = YES;
				GCC_WARN_UNUSED_VARIABLE = YES;
				IPHONEOS_DEPLOYMENT_TARGET = 7.0;
				ONLY_ACTIVE_ARCH = YES;
				SDKROOT = iphoneos;
			};
			name = Debug;
		};
		520AA4A6187C4EC00048F174 /* Release */ = {
			isa = XCBuildConfiguration;
			buildSettings = {
				ALWAYS_SEARCH_USER_PATHS = NO;
				CLANG_CXX_LANGUAGE_STANDARD = "gnu++0x";
				CLANG_CXX_LIBRARY = "libc++";
				CLANG_ENABLE_MODULES = YES;
				CLANG_ENABLE_OBJC_ARC = YES;
				CLANG_WARN_BOOL_CONVERSION = YES;
				CLANG_WARN_CONSTANT_CONVERSION = YES;
				CLANG_WARN_DIRECT_OBJC_ISA_USAGE = YES_ERROR;
				CLANG_WARN_EMPTY_BODY = YES;
				CLANG_WARN_ENUM_CONVERSION = YES;
				CLANG_WARN_INT_CONVERSION = YES;
				CLANG_WARN_OBJC_ROOT_CLASS = YES_ERROR;
				CLANG_WARN__DUPLICATE_METHOD_MATCH = YES;
				"CODE_SIGN_IDENTITY[sdk=iphoneos*]" = "iPhone Developer";
				COPY_PHASE_STRIP = YES;
				ENABLE_NS_ASSERTIONS = NO;
				GCC_C_LANGUAGE_STANDARD = gnu99;
				GCC_WARN_64_TO_32_BIT_CONVERSION = YES;
				GCC_WARN_ABOUT_RETURN_TYPE = YES_ERROR;
				GCC_WARN_UNDECLARED_SELECTOR = YES;
				GCC_WARN_UNINITIALIZED_AUTOS = YES;
				GCC_WARN_UNUSED_FUNCTION = YES;
				GCC_WARN_UNUSED_VARIABLE = YES;
				IPHONEOS_DEPLOYMENT_TARGET = 7.0;
				SDKROOT = iphoneos;
				VALIDATE_PRODUCT = YES;
			};
			name = Release;
		};
		520AA4A8187C4EC00048F174 /* Debug */ = {
			isa = XCBuildConfiguration;
			buildSettings = {
				ASSETCATALOG_COMPILER_APPICON_NAME = AppIcon;
				ASSETCATALOG_COMPILER_LAUNCHIMAGE_NAME = LaunchImage;
				CODE_SIGN_ENTITLEMENTS = StuffLoggr.entitlements;
				CODE_SIGN_IDENTITY = "iPhone Developer";
				"CODE_SIGN_IDENTITY[sdk=iphoneos*]" = "iPhone Developer";
				FRAMEWORK_SEARCH_PATHS = (
					"$(inherited)",
					"$(PROJECT_DIR)",
					/Users/colinhill/Documents/FacebookSDK,
				);
				GCC_PRECOMPILE_PREFIX_HEADER = YES;
				GCC_PREFIX_HEADER = "HomePwner/StuffLoggr-Prefix.pch";
				HEADER_SEARCH_PATHS = "";
				INFOPLIST_FILE = "HomePwner/StuffLoggr-Info.plist";
				IPHONEOS_DEPLOYMENT_TARGET = 7.0;
				PRODUCT_NAME = StuffLoggr;
				PROVISIONING_PROFILE = "";
				TARGETED_DEVICE_FAMILY = "1,2";
				WRAPPER_EXTENSION = app;
			};
			name = Debug;
		};
		520AA4A9187C4EC00048F174 /* Release */ = {
			isa = XCBuildConfiguration;
			buildSettings = {
				ASSETCATALOG_COMPILER_APPICON_NAME = AppIcon;
				ASSETCATALOG_COMPILER_LAUNCHIMAGE_NAME = LaunchImage;
				CODE_SIGN_ENTITLEMENTS = StuffLoggr.entitlements;
				CODE_SIGN_IDENTITY = "iPhone Developer";
				"CODE_SIGN_IDENTITY[sdk=iphoneos*]" = "iPhone Developer";
				FRAMEWORK_SEARCH_PATHS = (
					"$(inherited)",
					"$(PROJECT_DIR)",
					/Users/colinhill/Documents/FacebookSDK,
				);
				GCC_PRECOMPILE_PREFIX_HEADER = YES;
				GCC_PREFIX_HEADER = "HomePwner/StuffLoggr-Prefix.pch";
				HEADER_SEARCH_PATHS = "";
				INFOPLIST_FILE = "HomePwner/StuffLoggr-Info.plist";
				IPHONEOS_DEPLOYMENT_TARGET = 7.0;
				PRODUCT_NAME = StuffLoggr;
				PROVISIONING_PROFILE = "";
				TARGETED_DEVICE_FAMILY = "1,2";
				WRAPPER_EXTENSION = app;
			};
			name = Release;
		};
		520AA4AB187C4EC00048F174 /* Debug */ = {
			isa = XCBuildConfiguration;
			buildSettings = {
				BUNDLE_LOADER = "$(BUILT_PRODUCTS_DIR)/HomePwner.app/HomePwner";
				FRAMEWORK_SEARCH_PATHS = (
					"$(SDKROOT)/Developer/Library/Frameworks",
					"$(inherited)",
					"$(DEVELOPER_FRAMEWORKS_DIR)",
				);
				GCC_PRECOMPILE_PREFIX_HEADER = YES;
				GCC_PREFIX_HEADER = "HomePwner/HomePwner-Prefix.pch";
				GCC_PREPROCESSOR_DEFINITIONS = (
					"DEBUG=1",
					"$(inherited)",
				);
				INFOPLIST_FILE = "HomePwnerTests/StuffLoggrTests-Info.plist";
				PRODUCT_NAME = StuffLoggrTests;
				TEST_HOST = "$(BUNDLE_LOADER)";
				WRAPPER_EXTENSION = xctest;
			};
			name = Debug;
		};
		520AA4AC187C4EC00048F174 /* Release */ = {
			isa = XCBuildConfiguration;
			buildSettings = {
				BUNDLE_LOADER = "$(BUILT_PRODUCTS_DIR)/HomePwner.app/HomePwner";
				FRAMEWORK_SEARCH_PATHS = (
					"$(SDKROOT)/Developer/Library/Frameworks",
					"$(inherited)",
					"$(DEVELOPER_FRAMEWORKS_DIR)",
				);
				GCC_PRECOMPILE_PREFIX_HEADER = YES;
				GCC_PREFIX_HEADER = "HomePwner/HomePwner-Prefix.pch";
				INFOPLIST_FILE = "HomePwnerTests/StuffLoggrTests-Info.plist";
				PRODUCT_NAME = StuffLoggrTests;
				TEST_HOST = "$(BUNDLE_LOADER)";
				WRAPPER_EXTENSION = xctest;
			};
			name = Release;
		};
/* End XCBuildConfiguration section */

/* Begin XCConfigurationList section */
		520AA476187C4EC00048F174 /* Build configuration list for PBXProject "StuffLoggr" */ = {
			isa = XCConfigurationList;
			buildConfigurations = (
				520AA4A5187C4EC00048F174 /* Debug */,
				520AA4A6187C4EC00048F174 /* Release */,
			);
			defaultConfigurationIsVisible = 0;
			defaultConfigurationName = Release;
		};
		520AA4A7187C4EC00048F174 /* Build configuration list for PBXNativeTarget "StuffLoggr" */ = {
			isa = XCConfigurationList;
			buildConfigurations = (
				520AA4A8187C4EC00048F174 /* Debug */,
				520AA4A9187C4EC00048F174 /* Release */,
			);
			defaultConfigurationIsVisible = 0;
			defaultConfigurationName = Release;
		};
		520AA4AA187C4EC00048F174 /* Build configuration list for PBXNativeTarget "StuffLoggrTests" */ = {
			isa = XCConfigurationList;
			buildConfigurations = (
				520AA4AB187C4EC00048F174 /* Debug */,
				520AA4AC187C4EC00048F174 /* Release */,
			);
			defaultConfigurationIsVisible = 0;
			defaultConfigurationName = Release;
		};
/* End XCConfigurationList section */

/* Begin XCVersionGroup section */
		520AA4CF187EF1EA0048F174 /* Homepwner.xcdatamodeld */ = {
			isa = XCVersionGroup;
			children = (
				520AA4D0187EF1EA0048F174 /* Homepwner.xcdatamodel */,
			);
			currentVersion = 520AA4D0187EF1EA0048F174 /* Homepwner.xcdatamodel */;
			path = Homepwner.xcdatamodeld;
			sourceTree = "<group>";
			versionGroupType = wrapper.xcdatamodel;
		};
/* End XCVersionGroup section */
	};
	rootObject = 520AA473187C4EC00048F174 /* Project object */;
}
